
Microsoft Visual Studio Solution File, Format Version 12.00
# Visual Studio 15
VisualStudioVersion = 15.0.28010.2046
MinimumVisualStudioVersion = 10.0.40219.1
Project("{9A19103F-16F7-4668-BE54-9A1E7A4F7556}") = "QDivision.Utility", "QDivision.Utility\QDivision.Utility.csproj", "{33A832F2-DB3E-43F7-B0A0-E8E68B773A0B}"
EndProject
Project("{FAE04EC0-301F-11D3-BF4B-00C04F79EFBC}") = "QDivision.Utility.UnitTests", "QDivision.Utility.UnitTests\QDivision.Utility.UnitTests.csproj", "{D21B028B-FB77-44F2-9882-77BCDAE59419}"
EndProject
Global
	GlobalSection(SolutionConfigurationPlatforms) = preSolution
		Debug|Any CPU = Debug|Any CPU
		Release|Any CPU = Release|Any CPU
	EndGlobalSection
	GlobalSection(ProjectConfigurationPlatforms) = postSolution
		{33A832F2-DB3E-43F7-B0A0-E8E68B773A0B}.Debug|Any CPU.ActiveCfg = Debug|Any CPU
		{33A832F2-DB3E-43F7-B0A0-E8E68B773A0B}.Debug|Any CPU.Build.0 = Debug|Any CPU
		{33A832F2-DB3E-43F7-B0A0-E8E68B773A0B}.Release|Any CPU.ActiveCfg = Release|Any CPU
		{33A832F2-DB3E-43F7-B0A0-E8E68B773A0B}.Release|Any CPU.Build.0 = Release|Any CPU
		{D21B028B-FB77-44F2-9882-77BCDAE59419}.Debug|Any CPU.ActiveCfg = Debug|Any CPU
		{D21B028B-FB77-44F2-9882-77BCDAE59419}.Debug|Any CPU.Build.0 = Debug|Any CPU
		{D21B028B-FB77-44F2-9882-77BCDAE59419}.Release|Any CPU.ActiveCfg = Release|Any CPU
		{D21B028B-FB77-44F2-9882-77BCDAE59419}.Release|Any CPU.Build.0 = Release|Any CPU
	EndGlobalSection
	GlobalSection(SolutionProperties) = preSolution
		HideSolutionNode = FALSE
	EndGlobalSection
	GlobalSection(ExtensibilityGlobals) = postSolution
		SolutionGuid = {C6062E55-50AE-4FB1-BD9F-99AE3ADF6F92}
	EndGlobalSection
EndGlobal
