
Microsoft Visual Studio Solution File, Format Version 12.00
# Visual Studio Version 16
VisualStudioVersion = 16.0.32126.315
MinimumVisualStudioVersion = 10.0.40219.1
Project("{9A19103F-16F7-4668-BE54-9A1E7A4F7556}") = "QDivision.Utility", "QDivision.Utility\src\QDivision.Utility.csproj", "{33A832F2-DB3E-43F7-B0A0-E8E68B773A0B}"
EndProject
Project("{9A19103F-16F7-4668-BE54-9A1E7A4F7556}") = "QDivision.Utility.Testing", "QDivision.Utility.Testing\src\QDivision.Utility.Testing.csproj", "{33A02659-D69E-47B6-9E2A-449EEDF16CBE}"
EndProject
Project("{9A19103F-16F7-4668-BE54-9A1E7A4F7556}") = "QDivision.Utility.Testing.UnitTests", "QDivision.Utility.Testing\test\QDivision.Utility.Testing.UnitTests.csproj", "{C1AE011C-3263-4D80-AF53-6A6F2AE301A0}"
EndProject
Project("{9A19103F-16F7-4668-BE54-9A1E7A4F7556}") = "QDivision.Utility.UnitTests", "QDivision.Utility\test\QDivision.Utility.UnitTests.csproj", "{D5D52B30-E502-4560-981B-B87ABB000651}"
EndProject
Global
	GlobalSection(SolutionConfigurationPlatforms) = preSolution
		Debug|Any CPU = Debug|Any CPU
		Release|Any CPU = Release|Any CPU
	EndGlobalSection
	GlobalSection(ProjectConfigurationPlatforms) = postSolution
		{33A832F2-DB3E-43F7-B0A0-E8E68B773A0B}.Debug|Any CPU.ActiveCfg = Debug|Any CPU
		{33A832F2-DB3E-43F7-B0A0-E8E68B773A0B}.Debug|Any CPU.Build.0 = Debug|Any CPU
		{33A832F2-DB3E-43F7-B0A0-E8E68B773A0B}.Release|Any CPU.ActiveCfg = Release|Any CPU
		{33A832F2-DB3E-43F7-B0A0-E8E68B773A0B}.Release|Any CPU.Build.0 = Release|Any CPU
		{33A02659-D69E-47B6-9E2A-449EEDF16CBE}.Debug|Any CPU.ActiveCfg = Debug|Any CPU
		{33A02659-D69E-47B6-9E2A-449EEDF16CBE}.Debug|Any CPU.Build.0 = Debug|Any CPU
		{33A02659-D69E-47B6-9E2A-449EEDF16CBE}.Release|Any CPU.ActiveCfg = Release|Any CPU
		{33A02659-D69E-47B6-9E2A-449EEDF16CBE}.Release|Any CPU.Build.0 = Release|Any CPU
		{C1AE011C-3263-4D80-AF53-6A6F2AE301A0}.Debug|Any CPU.ActiveCfg = Debug|Any CPU
		{C1AE011C-3263-4D80-AF53-6A6F2AE301A0}.Debug|Any CPU.Build.0 = Debug|Any CPU
		{C1AE011C-3263-4D80-AF53-6A6F2AE301A0}.Release|Any CPU.ActiveCfg = Release|Any CPU
		{C1AE011C-3263-4D80-AF53-6A6F2AE301A0}.Release|Any CPU.Build.0 = Release|Any CPU
		{D5D52B30-E502-4560-981B-B87ABB000651}.Debug|Any CPU.ActiveCfg = Debug|Any CPU
		{D5D52B30-E502-4560-981B-B87ABB000651}.Debug|Any CPU.Build.0 = Debug|Any CPU
		{D5D52B30-E502-4560-981B-B87ABB000651}.Release|Any CPU.ActiveCfg = Release|Any CPU
		{D5D52B30-E502-4560-981B-B87ABB000651}.Release|Any CPU.Build.0 = Release|Any CPU
	EndGlobalSection
	GlobalSection(SolutionProperties) = preSolution
		HideSolutionNode = FALSE
	EndGlobalSection
	GlobalSection(ExtensibilityGlobals) = postSolution
		SolutionGuid = {C6062E55-50AE-4FB1-BD9F-99AE3ADF6F92}
	EndGlobalSection
EndGlobal
